# This file was autogenerated by Stack.
# You should not edit this file by hand.
# For more information, please see the documentation at:
#   https://docs.haskellstack.org/en/stable/lock_files

packages: []
snapshots:
- completed:
    size: 422739
    url: https://raw.githubusercontent.com/commercialhaskell/stackage-snapshots/master/lts/6/2.yaml
    sha256: 29e42a91bf11f2ccf5dc979177b08d45e6d4d92c7cf5f78981d02c768ebed6ae
  original: lts-6.2
